// !$*UTF8*$!
{
	archiveVersion = 1;
	classes = {
	};
	objectVersion = 50;
	objects = {

/* Begin PBXBuildFile section */
		9613239E24A917FA0020F3B1 /* ProgressBar.swift in Sources */ = {isa = PBXBuildFile; fileRef = 9613239D24A917FA0020F3B1 /* ProgressBar.swift */; };
		96196C6F24A903C8000BE616 /* g_player WatchKit App.app in Embed Watch Content */ = {isa = PBXBuildFile; fileRef = 96196C6E24A903C8000BE616 /* g_player WatchKit App.app */; settings = {ATTRIBUTES = (RemoveHeadersOnCopy, ); }; };
		96196C7524A903C8000BE616 /* Interface.storyboard in Resources */ = {isa = PBXBuildFile; fileRef = 96196C7324A903C8000BE616 /* Interface.storyboard */; };
		96196C7724A903C8000BE616 /* Assets.xcassets in Resources */ = {isa = PBXBuildFile; fileRef = 96196C7624A903C8000BE616 /* Assets.xcassets */; };
		96196C7E24A903C9000BE616 /* g_player WatchKit Extension.appex in Embed App Extensions */ = {isa = PBXBuildFile; fileRef = 96196C7D24A903C9000BE616 /* g_player WatchKit Extension.appex */; settings = {ATTRIBUTES = (RemoveHeadersOnCopy, ); }; };
		96196C8324A903C9000BE616 /* ContentView.swift in Sources */ = {isa = PBXBuildFile; fileRef = 96196C8224A903C9000BE616 /* ContentView.swift */; };
		96196C8524A903C9000BE616 /* HostingController.swift in Sources */ = {isa = PBXBuildFile; fileRef = 96196C8424A903C9000BE616 /* HostingController.swift */; };
		96196C8724A903C9000BE616 /* ExtensionDelegate.swift in Sources */ = {isa = PBXBuildFile; fileRef = 96196C8624A903C9000BE616 /* ExtensionDelegate.swift */; };
		96196C8924A903C9000BE616 /* Assets.xcassets in Resources */ = {isa = PBXBuildFile; fileRef = 96196C8824A903C9000BE616 /* Assets.xcassets */; };
		96196C8C24A903C9000BE616 /* Preview Assets.xcassets in Resources */ = {isa = PBXBuildFile; fileRef = 96196C8B24A903C9000BE616 /* Preview Assets.xcassets */; };
		96196CA124A90555000BE616 /* GSwiftUI.swift in Sources */ = {isa = PBXBuildFile; fileRef = 96196C9C24A90554000BE616 /* GSwiftUI.swift */; };
		96196CA224A90555000BE616 /* NowPlayingView.swift in Sources */ = {isa = PBXBuildFile; fileRef = 96196C9D24A90555000BE616 /* NowPlayingView.swift */; };
		96196CA324A90555000BE616 /* UpNextView.swift in Sources */ = {isa = PBXBuildFile; fileRef = 96196C9E24A90555000BE616 /* UpNextView.swift */; };
		96196CA424A90555000BE616 /* BrowseView.swift in Sources */ = {isa = PBXBuildFile; fileRef = 96196C9F24A90555000BE616 /* BrowseView.swift */; };
		96196CA724A9055E000BE616 /* ViewModifiers.swift in Sources */ = {isa = PBXBuildFile; fileRef = 96196CA524A9055D000BE616 /* ViewModifiers.swift */; };
		96196CA824A9055E000BE616 /* PlayableContent.swift in Sources */ = {isa = PBXBuildFile; fileRef = 96196CA624A9055D000BE616 /* PlayableContent.swift */; };
/* End PBXBuildFile section */

/* Begin PBXContainerItemProxy section */
		96196C7024A903C8000BE616 /* PBXContainerItemProxy */ = {
			isa = PBXContainerItemProxy;
			containerPortal = 96196C6424A903C7000BE616 /* Project object */;
			proxyType = 1;
			remoteGlobalIDString = 96196C6D24A903C8000BE616;
			remoteInfo = "g_player WatchKit App";
		};
		96196C7F24A903C9000BE616 /* PBXContainerItemProxy */ = {
			isa = PBXContainerItemProxy;
			containerPortal = 96196C6424A903C7000BE616 /* Project object */;
			proxyType = 1;
			remoteGlobalIDString = 96196C7C24A903C9000BE616;
			remoteInfo = "g_player WatchKit Extension";
		};
/* End PBXContainerItemProxy section */

/* Begin PBXCopyFilesBuildPhase section */
		96196C9324A903C9000BE616 /* Embed App Extensions */ = {
			isa = PBXCopyFilesBuildPhase;
			buildActionMask = 2147483647;
			dstPath = "";
			dstSubfolderSpec = 13;
			files = (
				96196C7E24A903C9000BE616 /* g_player WatchKit Extension.appex in Embed App Extensions */,
			);
			name = "Embed App Extensions";
			runOnlyForDeploymentPostprocessing = 0;
		};
		96196C9724A903C9000BE616 /* Embed Watch Content */ = {
			isa = PBXCopyFilesBuildPhase;
			buildActionMask = 2147483647;
			dstPath = "$(CONTENTS_FOLDER_PATH)/Watch";
			dstSubfolderSpec = 16;
			files = (
				96196C6F24A903C8000BE616 /* g_player WatchKit App.app in Embed Watch Content */,
			);
			name = "Embed Watch Content";
			runOnlyForDeploymentPostprocessing = 0;
		};
/* End PBXCopyFilesBuildPhase section */

/* Begin PBXFileReference section */
		9613239D24A917FA0020F3B1 /* ProgressBar.swift */ = {isa = PBXFileReference; lastKnownFileType = sourcecode.swift; path = ProgressBar.swift; sourceTree = "<group>"; };
		96196C6A24A903C7000BE616 /* g_player.app */ = {isa = PBXFileReference; explicitFileType = wrapper.application; includeInIndex = 0; path = g_player.app; sourceTree = BUILT_PRODUCTS_DIR; };
		96196C6E24A903C8000BE616 /* g_player WatchKit App.app */ = {isa = PBXFileReference; explicitFileType = wrapper.application; includeInIndex = 0; path = "g_player WatchKit App.app"; sourceTree = BUILT_PRODUCTS_DIR; };
		96196C7424A903C8000BE616 /* Base */ = {isa = PBXFileReference; lastKnownFileType = file.storyboard; name = Base; path = Base.lproj/Interface.storyboard; sourceTree = "<group>"; };
		96196C7624A903C8000BE616 /* Assets.xcassets */ = {isa = PBXFileReference; lastKnownFileType = folder.assetcatalog; path = Assets.xcassets; sourceTree = "<group>"; };
		96196C7824A903C8000BE616 /* Info.plist */ = {isa = PBXFileReference; lastKnownFileType = text.plist.xml; path = Info.plist; sourceTree = "<group>"; };
		96196C7D24A903C9000BE616 /* g_player WatchKit Extension.appex */ = {isa = PBXFileReference; explicitFileType = "wrapper.app-extension"; includeInIndex = 0; path = "g_player WatchKit Extension.appex"; sourceTree = BUILT_PRODUCTS_DIR; };
		96196C8224A903C9000BE616 /* ContentView.swift */ = {isa = PBXFileReference; lastKnownFileType = sourcecode.swift; path = ContentView.swift; sourceTree = "<group>"; };
		96196C8424A903C9000BE616 /* HostingController.swift */ = {isa = PBXFileReference; lastKnownFileType = sourcecode.swift; path = HostingController.swift; sourceTree = "<group>"; };
		96196C8624A903C9000BE616 /* ExtensionDelegate.swift */ = {isa = PBXFileReference; lastKnownFileType = sourcecode.swift; path = ExtensionDelegate.swift; sourceTree = "<group>"; };
		96196C8824A903C9000BE616 /* Assets.xcassets */ = {isa = PBXFileReference; lastKnownFileType = folder.assetcatalog; path = Assets.xcassets; sourceTree = "<group>"; };
		96196C8B24A903C9000BE616 /* Preview Assets.xcassets */ = {isa = PBXFileReference; lastKnownFileType = folder.assetcatalog; path = "Preview Assets.xcassets"; sourceTree = "<group>"; };
		96196C8D24A903C9000BE616 /* Info.plist */ = {isa = PBXFileReference; lastKnownFileType = text.plist.xml; path = Info.plist; sourceTree = "<group>"; };
		96196C9C24A90554000BE616 /* GSwiftUI.swift */ = {isa = PBXFileReference; fileEncoding = 4; lastKnownFileType = sourcecode.swift; path = GSwiftUI.swift; sourceTree = "<group>"; };
		96196C9D24A90555000BE616 /* NowPlayingView.swift */ = {isa = PBXFileReference; fileEncoding = 4; lastKnownFileType = sourcecode.swift; path = NowPlayingView.swift; sourceTree = "<group>"; };
		96196C9E24A90555000BE616 /* UpNextView.swift */ = {isa = PBXFileReference; fileEncoding = 4; lastKnownFileType = sourcecode.swift; path = UpNextView.swift; sourceTree = "<group>"; };
		96196C9F24A90555000BE616 /* BrowseView.swift */ = {isa = PBXFileReference; fileEncoding = 4; lastKnownFileType = sourcecode.swift; path = BrowseView.swift; sourceTree = "<group>"; };
		96196CA524A9055D000BE616 /* ViewModifiers.swift */ = {isa = PBXFileReference; fileEncoding = 4; lastKnownFileType = sourcecode.swift; path = ViewModifiers.swift; sourceTree = "<group>"; };
		96196CA624A9055D000BE616 /* PlayableContent.swift */ = {isa = PBXFileReference; fileEncoding = 4; lastKnownFileType = sourcecode.swift; path = PlayableContent.swift; sourceTree = "<group>"; };
/* End PBXFileReference section */

/* Begin PBXFrameworksBuildPhase section */
		96196C7A24A903C9000BE616 /* Frameworks */ = {
			isa = PBXFrameworksBuildPhase;
			buildActionMask = 2147483647;
			files = (
			);
			runOnlyForDeploymentPostprocessing = 0;
		};
/* End PBXFrameworksBuildPhase section */

/* Begin PBXGroup section */
		96196C6324A903C7000BE616 = {
			isa = PBXGroup;
			children = (
				96196C7224A903C8000BE616 /* g_player WatchKit App */,
				96196C8124A903C9000BE616 /* g_player WatchKit Extension */,
				96196C6B24A903C7000BE616 /* Products */,
			);
			sourceTree = "<group>";
		};
		96196C6B24A903C7000BE616 /* Products */ = {
			isa = PBXGroup;
			children = (
				96196C6A24A903C7000BE616 /* g_player.app */,
				96196C6E24A903C8000BE616 /* g_player WatchKit App.app */,
				96196C7D24A903C9000BE616 /* g_player WatchKit Extension.appex */,
			);
			name = Products;
			sourceTree = "<group>";
		};
		96196C7224A903C8000BE616 /* g_player WatchKit App */ = {
			isa = PBXGroup;
			children = (
				96196C7324A903C8000BE616 /* Interface.storyboard */,
				96196C7624A903C8000BE616 /* Assets.xcassets */,
				96196C7824A903C8000BE616 /* Info.plist */,
			);
			path = "g_player WatchKit App";
			sourceTree = "<group>";
		};
		96196C8124A903C9000BE616 /* g_player WatchKit Extension */ = {
			isa = PBXGroup;
			children = (
				96196CA624A9055D000BE616 /* PlayableContent.swift */,
				96196CA524A9055D000BE616 /* ViewModifiers.swift */,
				9613239D24A917FA0020F3B1 /* ProgressBar.swift */,
				96196C9F24A90555000BE616 /* BrowseView.swift */,
				96196C9C24A90554000BE616 /* GSwiftUI.swift */,
				96196C9D24A90555000BE616 /* NowPlayingView.swift */,
				96196C9E24A90555000BE616 /* UpNextView.swift */,
				96196C8224A903C9000BE616 /* ContentView.swift */,
				96196C8424A903C9000BE616 /* HostingController.swift */,
				96196C8624A903C9000BE616 /* ExtensionDelegate.swift */,
				96196C8824A903C9000BE616 /* Assets.xcassets */,
				96196C8D24A903C9000BE616 /* Info.plist */,
				96196C8A24A903C9000BE616 /* Preview Content */,
			);
			path = "g_player WatchKit Extension";
			sourceTree = "<group>";
		};
		96196C8A24A903C9000BE616 /* Preview Content */ = {
			isa = PBXGroup;
			children = (
				96196C8B24A903C9000BE616 /* Preview Assets.xcassets */,
			);
			path = "Preview Content";
			sourceTree = "<group>";
		};
/* End PBXGroup section */

/* Begin PBXNativeTarget section */
		96196C6924A903C7000BE616 /* g_player */ = {
			isa = PBXNativeTarget;
			buildConfigurationList = 96196C9824A903C9000BE616 /* Build configuration list for PBXNativeTarget "g_player" */;
			buildPhases = (
				96196C6824A903C7000BE616 /* Resources */,
				96196C9724A903C9000BE616 /* Embed Watch Content */,
			);
			buildRules = (
			);
			dependencies = (
				96196C7124A903C8000BE616 /* PBXTargetDependency */,
			);
			name = g_player;
			productName = g_player;
			productReference = 96196C6A24A903C7000BE616 /* g_player.app */;
			productType = "com.apple.product-type.application.watchapp2-container";
		};
		96196C6D24A903C8000BE616 /* g_player WatchKit App */ = {
			isa = PBXNativeTarget;
			buildConfigurationList = 96196C9424A903C9000BE616 /* Build configuration list for PBXNativeTarget "g_player WatchKit App" */;
			buildPhases = (
				96196C6C24A903C8000BE616 /* Resources */,
				96196C9324A903C9000BE616 /* Embed App Extensions */,
			);
			buildRules = (
			);
			dependencies = (
				96196C8024A903C9000BE616 /* PBXTargetDependency */,
			);
			name = "g_player WatchKit App";
			productName = "g_player WatchKit App";
			productReference = 96196C6E24A903C8000BE616 /* g_player WatchKit App.app */;
			productType = "com.apple.product-type.application.watchapp2";
		};
		96196C7C24A903C9000BE616 /* g_player WatchKit Extension */ = {
			isa = PBXNativeTarget;
			buildConfigurationList = 96196C9024A903C9000BE616 /* Build configuration list for PBXNativeTarget "g_player WatchKit Extension" */;
			buildPhases = (
				96196C7924A903C9000BE616 /* Sources */,
				96196C7A24A903C9000BE616 /* Frameworks */,
				96196C7B24A903C9000BE616 /* Resources */,
			);
			buildRules = (
			);
			dependencies = (
			);
			name = "g_player WatchKit Extension";
			productName = "g_player WatchKit Extension";
			productReference = 96196C7D24A903C9000BE616 /* g_player WatchKit Extension.appex */;
			productType = "com.apple.product-type.watchkit2-extension";
		};
/* End PBXNativeTarget section */

/* Begin PBXProject section */
		96196C6424A903C7000BE616 /* Project object */ = {
			isa = PBXProject;
			attributes = {
				LastSwiftUpdateCheck = 1150;
				LastUpgradeCheck = 1200;
				ORGANIZATIONNAME = garrepi;
				TargetAttributes = {
					96196C6924A903C7000BE616 = {
						CreatedOnToolsVersion = 11.5;
					};
					96196C6D24A903C8000BE616 = {
						CreatedOnToolsVersion = 11.5;
					};
					96196C7C24A903C9000BE616 = {
						CreatedOnToolsVersion = 11.5;
					};
				};
			};
			buildConfigurationList = 96196C6724A903C7000BE616 /* Build configuration list for PBXProject "g_player" */;
			compatibilityVersion = "Xcode 9.3";
			developmentRegion = en;
			hasScannedForEncodings = 0;
			knownRegions = (
				en,
				Base,
			);
			mainGroup = 96196C6324A903C7000BE616;
			productRefGroup = 96196C6B24A903C7000BE616 /* Products */;
			projectDirPath = "";
			projectRoot = "";
			targets = (
				96196C6924A903C7000BE616 /* g_player */,
				96196C6D24A903C8000BE616 /* g_player WatchKit App */,
				96196C7C24A903C9000BE616 /* g_player WatchKit Extension */,
			);
		};
/* End PBXProject section */

/* Begin PBXResourcesBuildPhase section */
		96196C6824A903C7000BE616 /* Resources */ = {
			isa = PBXResourcesBuildPhase;
			buildActionMask = 2147483647;
			files = (
			);
			runOnlyForDeploymentPostprocessing = 0;
		};
		96196C6C24A903C8000BE616 /* Resources */ = {
			isa = PBXResourcesBuildPhase;
			buildActionMask = 2147483647;
			files = (
				96196C7724A903C8000BE616 /* Assets.xcassets in Resources */,
				96196C7524A903C8000BE616 /* Interface.storyboard in Resources */,
			);
			runOnlyForDeploymentPostprocessing = 0;
		};
		96196C7B24A903C9000BE616 /* Resources */ = {
			isa = PBXResourcesBuildPhase;
			buildActionMask = 2147483647;
			files = (
				96196C8C24A903C9000BE616 /* Preview Assets.xcassets in Resources */,
				96196C8924A903C9000BE616 /* Assets.xcassets in Resources */,
			);
			runOnlyForDeploymentPostprocessing = 0;
		};
/* End PBXResourcesBuildPhase section */

/* Begin PBXSourcesBuildPhase section */
		96196C7924A903C9000BE616 /* Sources */ = {
			isa = PBXSourcesBuildPhase;
			buildActionMask = 2147483647;
			files = (
				96196CA424A90555000BE616 /* BrowseView.swift in Sources */,
				96196CA224A90555000BE616 /* NowPlayingView.swift in Sources */,
				96196CA824A9055E000BE616 /* PlayableContent.swift in Sources */,
				96196CA724A9055E000BE616 /* ViewModifiers.swift in Sources */,
				96196C8524A903C9000BE616 /* HostingController.swift in Sources */,
				96196C8324A903C9000BE616 /* ContentView.swift in Sources */,
				96196C8724A903C9000BE616 /* ExtensionDelegate.swift in Sources */,
				96196CA124A90555000BE616 /* GSwiftUI.swift in Sources */,
				9613239E24A917FA0020F3B1 /* ProgressBar.swift in Sources */,
				96196CA324A90555000BE616 /* UpNextView.swift in Sources */,
			);
			runOnlyForDeploymentPostprocessing = 0;
		};
/* End PBXSourcesBuildPhase section */

/* Begin PBXTargetDependency section */
		96196C7124A903C8000BE616 /* PBXTargetDependency */ = {
			isa = PBXTargetDependency;
			target = 96196C6D24A903C8000BE616 /* g_player WatchKit App */;
			targetProxy = 96196C7024A903C8000BE616 /* PBXContainerItemProxy */;
		};
		96196C8024A903C9000BE616 /* PBXTargetDependency */ = {
			isa = PBXTargetDependency;
			target = 96196C7C24A903C9000BE616 /* g_player WatchKit Extension */;
			targetProxy = 96196C7F24A903C9000BE616 /* PBXContainerItemProxy */;
		};
/* End PBXTargetDependency section */

/* Begin PBXVariantGroup section */
		96196C7324A903C8000BE616 /* Interface.storyboard */ = {
			isa = PBXVariantGroup;
			children = (
				96196C7424A903C8000BE616 /* Base */,
			);
			name = Interface.storyboard;
			sourceTree = "<group>";
		};
/* End PBXVariantGroup section */

/* Begin XCBuildConfiguration section */
		96196C8E24A903C9000BE616 /* Debug */ = {
			isa = XCBuildConfiguration;
			buildSettings = {
				ALWAYS_SEARCH_USER_PATHS = NO;
				CLANG_ANALYZER_NONNULL = YES;
				CLANG_ANALYZER_NUMBER_OBJECT_CONVERSION = YES_AGGRESSIVE;
				CLANG_CXX_LANGUAGE_STANDARD = "gnu++14";
				CLANG_CXX_LIBRARY = "libc++";
				CLANG_ENABLE_MODULES = YES;
				CLANG_ENABLE_OBJC_ARC = YES;
				CLANG_ENABLE_OBJC_WEAK = YES;
				CLANG_WARN_BLOCK_CAPTURE_AUTORELEASING = YES;
				CLANG_WARN_BOOL_CONVERSION = YES;
				CLANG_WARN_COMMA = YES;
				CLANG_WARN_CONSTANT_CONVERSION = YES;
				CLANG_WARN_DEPRECATED_OBJC_IMPLEMENTATIONS = YES;
				CLANG_WARN_DIRECT_OBJC_ISA_USAGE = YES_ERROR;
				CLANG_WARN_DOCUMENTATION_COMMENTS = YES;
				CLANG_WARN_EMPTY_BODY = YES;
				CLANG_WARN_ENUM_CONVERSION = YES;
				CLANG_WARN_INFINITE_RECURSION = YES;
				CLANG_WARN_INT_CONVERSION = YES;
				CLANG_WARN_NON_LITERAL_NULL_CONVERSION = YES;
				CLANG_WARN_OBJC_IMPLICIT_RETAIN_SELF = YES;
				CLANG_WARN_OBJC_LITERAL_CONVERSION = YES;
				CLANG_WARN_OBJC_ROOT_CLASS = YES_ERROR;
				CLANG_WARN_QUOTED_INCLUDE_IN_FRAMEWORK_HEADER = YES;
				CLANG_WARN_RANGE_LOOP_ANALYSIS = YES;
				CLANG_WARN_STRICT_PROTOTYPES = YES;
				CLANG_WARN_SUSPICIOUS_MOVE = YES;
				CLANG_WARN_UNGUARDED_AVAILABILITY = YES_AGGRESSIVE;
				CLANG_WARN_UNREACHABLE_CODE = YES;
				CLANG_WARN__DUPLICATE_METHOD_MATCH = YES;
				COPY_PHASE_STRIP = NO;
				DEBUG_INFORMATION_FORMAT = dwarf;
				ENABLE_STRICT_OBJC_MSGSEND = YES;
				ENABLE_TESTABILITY = YES;
				GCC_C_LANGUAGE_STANDARD = gnu11;
				GCC_DYNAMIC_NO_PIC = NO;
				GCC_NO_COMMON_BLOCKS = YES;
				GCC_OPTIMIZATION_LEVEL = 0;
				GCC_PREPROCESSOR_DEFINITIONS = (
					"DEBUG=1",
					"$(inherited)",
				);
				GCC_WARN_64_TO_32_BIT_CONVERSION = YES;
				GCC_WARN_ABOUT_RETURN_TYPE = YES_ERROR;
				GCC_WARN_UNDECLARED_SELECTOR = YES;
				GCC_WARN_UNINITIALIZED_AUTOS = YES_AGGRESSIVE;
				GCC_WARN_UNUSED_FUNCTION = YES;
				GCC_WARN_UNUSED_VARIABLE = YES;
				MTL_ENABLE_DEBUG_INFO = INCLUDE_SOURCE;
				MTL_FAST_MATH = YES;
				ONLY_ACTIVE_ARCH = YES;
				SDKROOT = iphoneos;
				SWIFT_ACTIVE_COMPILATION_CONDITIONS = DEBUG;
				SWIFT_OPTIMIZATION_LEVEL = "-Onone";
			};
			name = Debug;
		};
		96196C8F24A903C9000BE616 /* Release */ = {
			isa = XCBuildConfiguration;
			buildSettings = {
				ALWAYS_SEARCH_USER_PATHS = NO;
				CLANG_ANALYZER_NONNULL = YES;
				CLANG_ANALYZER_NUMBER_OBJECT_CONVERSION = YES_AGGRESSIVE;
				CLANG_CXX_LANGUAGE_STANDARD = "gnu++14";
				CLANG_CXX_LIBRARY = "libc++";
				CLANG_ENABLE_MODULES = YES;
				CLANG_ENABLE_OBJC_ARC = YES;
				CLANG_ENABLE_OBJC_WEAK = YES;
				CLANG_WARN_BLOCK_CAPTURE_AUTORELEASING = YES;
				CLANG_WARN_BOOL_CONVERSION = YES;
				CLANG_WARN_COMMA = YES;
				CLANG_WARN_CONSTANT_CONVERSION = YES;
				CLANG_WARN_DEPRECATED_OBJC_IMPLEMENTATIONS = YES;
				CLANG_WARN_DIRECT_OBJC_ISA_USAGE = YES_ERROR;
				CLANG_WARN_DOCUMENTATION_COMMENTS = YES;
				CLANG_WARN_EMPTY_BODY = YES;
				CLANG_WARN_ENUM_CONVERSION = YES;
				CLANG_WARN_INFINITE_RECURSION = YES;
				CLANG_WARN_INT_CONVERSION = YES;
				CLANG_WARN_NON_LITERAL_NULL_CONVERSION = YES;
				CLANG_WARN_OBJC_IMPLICIT_RETAIN_SELF = YES;
				CLANG_WARN_OBJC_LITERAL_CONVERSION = YES;
				CLANG_WARN_OBJC_ROOT_CLASS = YES_ERROR;
				CLANG_WARN_QUOTED_INCLUDE_IN_FRAMEWORK_HEADER = YES;
				CLANG_WARN_RANGE_LOOP_ANALYSIS = YES;
				CLANG_WARN_STRICT_PROTOTYPES = YES;
				CLANG_WARN_SUSPICIOUS_MOVE = YES;
				CLANG_WARN_UNGUARDED_AVAILABILITY = YES_AGGRESSIVE;
				CLANG_WARN_UNREACHABLE_CODE = YES;
				CLANG_WARN__DUPLICATE_METHOD_MATCH = YES;
				COPY_PHASE_STRIP = NO;
				DEBUG_INFORMATION_FORMAT = "dwarf-with-dsym";
				ENABLE_NS_ASSERTIONS = NO;
				ENABLE_STRICT_OBJC_MSGSEND = YES;
				GCC_C_LANGUAGE_STANDARD = gnu11;
				GCC_NO_COMMON_BLOCKS = YES;
				GCC_WARN_64_TO_32_BIT_CONVERSION = YES;
				GCC_WARN_ABOUT_RETURN_TYPE = YES_ERROR;
				GCC_WARN_UNDECLARED_SELECTOR = YES;
				GCC_WARN_UNINITIALIZED_AUTOS = YES_AGGRESSIVE;
				GCC_WARN_UNUSED_FUNCTION = YES;
				GCC_WARN_UNUSED_VARIABLE = YES;
				MTL_ENABLE_DEBUG_INFO = NO;
				MTL_FAST_MATH = YES;
				SDKROOT = iphoneos;
				SWIFT_COMPILATION_MODE = wholemodule;
				SWIFT_OPTIMIZATION_LEVEL = "-O";
				VALIDATE_PRODUCT = YES;
			};
			name = Release;
		};
		96196C9124A903C9000BE616 /* Debug */ = {
			isa = XCBuildConfiguration;
			buildSettings = {
				ASSETCATALOG_COMPILER_COMPLICATION_NAME = Complication;
				CODE_SIGN_STYLE = Automatic;
				DEVELOPMENT_ASSET_PATHS = "\"g_player WatchKit Extension/Preview Content\"";
				DEVELOPMENT_TEAM = F65W3J85C2;
				ENABLE_PREVIEWS = YES;
				INFOPLIST_FILE = "g_player WatchKit Extension/Info.plist";
				LD_RUNPATH_SEARCH_PATHS = (
					"$(inherited)",
					"@executable_path/Frameworks",
					"@executable_path/../../Frameworks",
				);
				PRODUCT_BUNDLE_IDENTIFIER = "garrepi.g-player.watchkitapp.watchkitextension";
				PRODUCT_NAME = "${TARGET_NAME}";
				SDKROOT = watchos;
				SKIP_INSTALL = YES;
				SWIFT_VERSION = 5.0;
				TARGETED_DEVICE_FAMILY = 4;
				WATCHOS_DEPLOYMENT_TARGET = 6.0;
			};
			name = Debug;
		};
		96196C9224A903C9000BE616 /* Release */ = {
			isa = XCBuildConfiguration;
			buildSettings = {
				ASSETCATALOG_COMPILER_COMPLICATION_NAME = Complication;
				CODE_SIGN_STYLE = Automatic;
				DEVELOPMENT_ASSET_PATHS = "\"g_player WatchKit Extension/Preview Content\"";
				DEVELOPMENT_TEAM = F65W3J85C2;
				ENABLE_PREVIEWS = YES;
				INFOPLIST_FILE = "g_player WatchKit Extension/Info.plist";
				LD_RUNPATH_SEARCH_PATHS = (
					"$(inherited)",
					"@executable_path/Frameworks",
					"@executable_path/../../Frameworks",
				);
				PRODUCT_BUNDLE_IDENTIFIER = "garrepi.g-player.watchkitapp.watchkitextension";
				PRODUCT_NAME = "${TARGET_NAME}";
				SDKROOT = watchos;
				SKIP_INSTALL = YES;
				SWIFT_VERSION = 5.0;
				TARGETED_DEVICE_FAMILY = 4;
				WATCHOS_DEPLOYMENT_TARGET = 6.0;
			};
			name = Release;
		};
		96196C9524A903C9000BE616 /* Debug */ = {
			isa = XCBuildConfiguration;
			buildSettings = {
				ALWAYS_EMBED_SWIFT_STANDARD_LIBRARIES = YES;
				ASSETCATALOG_COMPILER_APPICON_NAME = AppIcon;
				CODE_SIGN_STYLE = Automatic;
				DEVELOPMENT_TEAM = F65W3J85C2;
				IBSC_MODULE = g_player_WatchKit_Extension;
				INFOPLIST_FILE = "g_player WatchKit App/Info.plist";
				PRODUCT_BUNDLE_IDENTIFIER = "garrepi.g-player.watchkitapp";
				PRODUCT_NAME = "$(TARGET_NAME)";
				SDKROOT = watchos;
				SKIP_INSTALL = YES;
				SWIFT_VERSION = 5.0;
				TARGETED_DEVICE_FAMILY = 4;
				WATCHOS_DEPLOYMENT_TARGET = 6.0;
			};
			name = Debug;
		};
		96196C9624A903C9000BE616 /* Release */ = {
			isa = XCBuildConfiguration;
			buildSettings = {
				ALWAYS_EMBED_SWIFT_STANDARD_LIBRARIES = YES;
				ASSETCATALOG_COMPILER_APPICON_NAME = AppIcon;
				CODE_SIGN_STYLE = Automatic;
				DEVELOPMENT_TEAM = F65W3J85C2;
				IBSC_MODULE = g_player_WatchKit_Extension;
				INFOPLIST_FILE = "g_player WatchKit App/Info.plist";
				PRODUCT_BUNDLE_IDENTIFIER = "garrepi.g-player.watchkitapp";
				PRODUCT_NAME = "$(TARGET_NAME)";
				SDKROOT = watchos;
				SKIP_INSTALL = YES;
				SWIFT_VERSION = 5.0;
				TARGETED_DEVICE_FAMILY = 4;
				WATCHOS_DEPLOYMENT_TARGET = 6.0;
			};
			name = Release;
		};
		96196C9924A903C9000BE616 /* Debug */ = {
			isa = XCBuildConfiguration;
			buildSettings = {
				CODE_SIGN_STYLE = Automatic;
				CURRENT_PROJECT_VERSION = 1;
				DEVELOPMENT_TEAM = F65W3J85C2;
				MARKETING_VERSION = 1.0;
				PRODUCT_BUNDLE_IDENTIFIER = "garrepi.g-player";
				PRODUCT_NAME = "$(TARGET_NAME)";
				SWIFT_VERSION = 5.0;
			};
			name = Debug;
		};
		96196C9A24A903C9000BE616 /* Release */ = {
			isa = XCBuildConfiguration;
			buildSettings = {
				CODE_SIGN_STYLE = Automatic;
				CURRENT_PROJECT_VERSION = 1;
				DEVELOPMENT_TEAM = F65W3J85C2;
				MARKETING_VERSION = 1.0;
				PRODUCT_BUNDLE_IDENTIFIER = "garrepi.g-player";
				PRODUCT_NAME = "$(TARGET_NAME)";
				SWIFT_VERSION = 5.0;
			};
			name = Release;
		};
/* End XCBuildConfiguration section */

/* Begin XCConfigurationList section */
		96196C6724A903C7000BE616 /* Build configuration list for PBXProject "g_player" */ = {
			isa = XCConfigurationList;
			buildConfigurations = (
				96196C8E24A903C9000BE616 /* Debug */,
				96196C8F24A903C9000BE616 /* Release */,
			);
			defaultConfigurationIsVisible = 0;
			defaultConfigurationName = Release;
		};
		96196C9024A903C9000BE616 /* Build configuration list for PBXNativeTarget "g_player WatchKit Extension" */ = {
			isa = XCConfigurationList;
			buildConfigurations = (
				96196C9124A903C9000BE616 /* Debug */,
				96196C9224A903C9000BE616 /* Release */,
			);
			defaultConfigurationIsVisible = 0;
			defaultConfigurationName = Release;
		};
		96196C9424A903C9000BE616 /* Build configuration list for PBXNativeTarget "g_player WatchKit App" */ = {
			isa = XCConfigurationList;
			buildConfigurations = (
				96196C9524A903C9000BE616 /* Debug */,
				96196C9624A903C9000BE616 /* Release */,
			);
			defaultConfigurationIsVisible = 0;
			defaultConfigurationName = Release;
		};
		96196C9824A903C9000BE616 /* Build configuration list for PBXNativeTarget "g_player" */ = {
			isa = XCConfigurationList;
			buildConfigurations = (
				96196C9924A903C9000BE616 /* Debug */,
				96196C9A24A903C9000BE616 /* Release */,
			);
			defaultConfigurationIsVisible = 0;
			defaultConfigurationName = Release;
		};
/* End XCConfigurationList section */
	};
	rootObject = 96196C6424A903C7000BE616 /* Project object */;
}
